{
  "name": "ts-type-utils",
  "version": "1.0.0",
  "lockfileVersion": 2,
  "requires": true,
  "packages": {
    "": {
      "version": "1.0.0",
      "license": "ISC",
      "dependencies": {
        "@type-challenges/utils": "^0.1.1"
      },
      "devDependencies": {
        "typescript": "^4.2.4"
      }
    },
    "node_modules/@type-challenges/utils": {
      "version": "0.1.1",
      "resolved": "https://npm.corp.hetao101.com/@type-challenges%2futils/-/utils-0.1.1.tgz",
      "integrity": "sha512-A7ljYfBM+FLw+NDyuYvGBJiCEV9c0lPWEAdzfOAkb3JFqfLl0Iv/WhWMMARHiRKlmmiD1g8gz/507yVvHdQUYA=="
    },
    "node_modules/typescript": {
      "version": "4.2.4",
      "resolved": "https://npm.corp.hetao101.com/typescript/-/typescript-4.2.4.tgz",
      "integrity": "sha512-V+evlYHZnQkaz8TRBuxTA92yZBPotr5H+WhQ7bD3hZUndx5tGOa1fuCgeSjxAzM1RiN5IzvadIXTVefuuwZCRg==",
      "dev": true,
      "license": "Apache-2.0",
      "bin": {
        "tsc": "bin/tsc",
        "tsserver": "bin/tsserver"
      },
      "engines": {
        "node": ">=4.2.0"
      }
    }
  },
  "dependencies": {
    "@type-challenges/utils": {
      "version": "0.1.1",
      "resolved": "https://npm.corp.hetao101.com/@type-challenges%2futils/-/utils-0.1.1.tgz",
      "integrity": "sha512-A7ljYfBM+FLw+NDyuYvGBJiCEV9c0lPWEAdzfOAkb3JFqfLl0Iv/WhWMMARHiRKlmmiD1g8gz/507yVvHdQUYA=="
    },
    "typescript": {
      "version": "4.2.4",
      "resolved": "https://npm.corp.hetao101.com/typescript/-/typescript-4.2.4.tgz",
      "integrity": "sha512-V+evlYHZnQkaz8TRBuxTA92yZBPotr5H+WhQ7bD3hZUndx5tGOa1fuCgeSjxAzM1RiN5IzvadIXTVefuuwZCRg==",
      "dev": true
    }
  }
}
